
Microsoft Visual Studio Solution File, Format Version 12.00
# Visual Studio Version 16
VisualStudioVersion = 16.0.30114.105
MinimumVisualStudioVersion = 10.0.40219.1
Project("{9A19103F-16F7-4668-BE54-9A1E7A4F7556}") = "OOP_CA-Dinko Delic", "OOP_CA-Dinko Delic.csproj", "{09D6792A-2E3B-4241-AA5B-FE8E8F16785F}"
EndProject
Global
	GlobalSection(SolutionConfigurationPlatforms) = preSolution
		Debug|Any CPU = Debug|Any CPU
		Release|Any CPU = Release|Any CPU
	EndGlobalSection
	GlobalSection(ProjectConfigurationPlatforms) = postSolution
		{09D6792A-2E3B-4241-AA5B-FE8E8F16785F}.Debug|Any CPU.ActiveCfg = Debug|Any CPU
		{09D6792A-2E3B-4241-AA5B-FE8E8F16785F}.Debug|Any CPU.Build.0 = Debug|Any CPU
		{09D6792A-2E3B-4241-AA5B-FE8E8F16785F}.Release|Any CPU.ActiveCfg = Release|Any CPU
		{09D6792A-2E3B-4241-AA5B-FE8E8F16785F}.Release|Any CPU.Build.0 = Release|Any CPU
	EndGlobalSection
	GlobalSection(SolutionProperties) = preSolution
		HideSolutionNode = FALSE
	EndGlobalSection
	GlobalSection(ExtensibilityGlobals) = postSolution
		SolutionGuid = {A02587DF-C6ED-4DE0-B5DC-0A2110A05597}
	EndGlobalSection
EndGlobal
